<?xml version="1.0" encoding="utf-8"?>
<Project ToolsVersion="4.0" xmlns="http://schemas.microsoft.com/developer/msbuild/2003">
  <ItemGroup>
    <Filter Include="Source Files">
      <UniqueIdentifier>{4FC737F1-C7A5-4376-A066-2A32D752A2FF}</UniqueIdentifier>
      <Extensions>cpp;c;cc;cxx;c++;cppm;ixx;def;odl;idl;hpj;bat;asm;asmx</Extensions>
    </Filter>
    <Filter Include="modules">
      <UniqueIdentifier>{ea268fe0-c761-45c3-986b-08f08ac470ff}</UniqueIdentifier>
    </Filter>
  </ItemGroup>
  <ItemGroup>
    <ClCompile Include="..\composite\BaseStyle.cpp">
      <Filter>modules</Filter>
    </ClCompile>
    <ClCompile Include="..\composite\ColorStyle.cpp">
      <Filter>modules</Filter>
    </ClCompile>
    <ClCompile Include="..\composite\CompositeColorStyle.cpp">
      <Filter>modules</Filter>
    </ClCompile>
    <ClCompile Include="..\composite\CompositeLineStyle.cpp">
      <Filter>modules</Filter>
    </ClCompile>
    <ClCompile Include="..\composite\Ellipse.cpp">
      <Filter>modules</Filter>
    </ClCompile>
    <ClCompile Include="..\composite\LineStyle.cpp">
      <Filter>modules</Filter>
    </ClCompile>
    <ClCompile Include="..\composite\Rectangle.cpp">
      <Filter>modules</Filter>
    </ClCompile>
    <ClCompile Include="..\composite\Shape.cpp">
      <Filter>modules</Filter>
    </ClCompile>
    <ClCompile Include="..\composite\ShapeGroup.cpp">
      <Filter>modules</Filter>
    </ClCompile>
    <ClCompile Include="..\composite\Shapes.cpp">
      <Filter>modules</Filter>
    </ClCompile>
    <ClCompile Include="..\composite\Slide.cpp">
      <Filter>modules</Filter>
    </ClCompile>
    <ClCompile Include="..\composite\SvgCanvas.cpp">
      <Filter>modules</Filter>
    </ClCompile>
    <ClCompile Include="..\composite\Triangle.cpp">
      <Filter>modules</Filter>
    </ClCompile>
    <ClCompile Include="main.cpp">
      <Filter>Source Files</Filter>
    </ClCompile>
    <ClCompile Include="CompositeTests.cpp">
      <Filter>Source Files</Filter>
    </ClCompile>
  </ItemGroup>
  <ItemGroup>
    <ClInclude Include="..\composite\BaseStyle.h">
      <Filter>modules</Filter>
    </ClInclude>
    <ClInclude Include="..\composite\ColorStyle.h">
      <Filter>modules</Filter>
    </ClInclude>
    <ClInclude Include="..\composite\CommonTypes.h">
      <Filter>modules</Filter>
    </ClInclude>
    <ClInclude Include="..\composite\CompositeColorStyle.h">
      <Filter>modules</Filter>
    </ClInclude>
    <ClInclude Include="..\composite\CompositeLineStyle.h">
      <Filter>modules</Filter>
    </ClInclude>
    <ClInclude Include="..\composite\CompositeStyle.h">
      <Filter>modules</Filter>
    </ClInclude>
    <ClInclude Include="..\composite\Ellipse.h">
      <Filter>modules</Filter>
    </ClInclude>
    <ClInclude Include="..\composite\ICanvas.h">
      <Filter>modules</Filter>
    </ClInclude>
    <ClInclude Include="..\composite\IDrawable.h">
      <Filter>modules</Filter>
    </ClInclude>
    <ClInclude Include="..\composite\IShape.h">
      <Filter>modules</Filter>
    </ClInclude>
    <ClInclude Include="..\composite\IShapeGroup.h">
      <Filter>modules</Filter>
    </ClInclude>
    <ClInclude Include="..\composite\IShapes.h">
      <Filter>modules</Filter>
    </ClInclude>
    <ClInclude Include="..\composite\ISlide.h">
      <Filter>modules</Filter>
    </ClInclude>
    <ClInclude Include="..\composite\IStyle.h">
      <Filter>modules</Filter>
    </ClInclude>
    <ClInclude Include="..\composite\LineStyle.h">
      <Filter>modules</Filter>
    </ClInclude>
    <ClInclude Include="..\composite\Rectangle.h">
      <Filter>modules</Filter>
    </ClInclude>
    <ClInclude Include="..\composite\Shape.h">
      <Filter>modules</Filter>
    </ClInclude>
    <ClInclude Include="..\composite\ShapeGroup.h">
      <Filter>modules</Filter>
    </ClInclude>
    <ClInclude Include="..\composite\Shapes.h">
      <Filter>modules</Filter>
    </ClInclude>
    <ClInclude Include="..\composite\Slide.h">
      <Filter>modules</Filter>
    </ClInclude>
    <ClInclude Include="..\composite\SvgCanvas.h">
      <Filter>modules</Filter>
    </ClInclude>
    <ClInclude Include="..\composite\Triangle.h">
      <Filter>modules</Filter>
    </ClInclude>
  </ItemGroup>
</Project>