<?xml version="1.0" encoding="utf-8"?>
<Project ToolsVersion="4.0" xmlns="http://schemas.microsoft.com/developer/msbuild/2003">
  <ItemGroup>
    <Filter Include="Source Files">
      <UniqueIdentifier>{4FC737F1-C7A5-4376-A066-2A32D752A2FF}</UniqueIdentifier>
      <Extensions>cpp;c;cc;cxx;c++;cppm;ixx;def;odl;idl;hpj;bat;asm;asmx</Extensions>
    </Filter>
    <Filter Include="Header Files">
      <UniqueIdentifier>{93995380-89BD-4b04-88EB-625FBE52EBFB}</UniqueIdentifier>
      <Extensions>h;hh;hpp;hxx;h++;hm;inl;inc;ipp;xsd</Extensions>
    </Filter>
    <Filter Include="Resource Files">
      <UniqueIdentifier>{67DA6AB6-F800-4c08-8B7A-83BB121AAD01}</UniqueIdentifier>
      <Extensions>rc;ico;cur;bmp;dlg;rc2;rct;bin;rgs;gif;jpg;jpeg;jpe;resx;tiff;tif;png;wav;mfcribbon-ms</Extensions>
    </Filter>
    <Filter Include="Header Files\Shape Strategy">
      <UniqueIdentifier>{28885ebf-b51b-4f97-8073-426172dac503}</UniqueIdentifier>
    </Filter>
    <Filter Include="Header Files\Canvas">
      <UniqueIdentifier>{ed4ad28a-30fc-49c5-ac4f-8f3b7d6909e5}</UniqueIdentifier>
    </Filter>
    <Filter Include="Header Files\Shape Strategy\Common">
      <UniqueIdentifier>{9f1d8b0b-b24b-4c60-8c52-1511ae50b5f9}</UniqueIdentifier>
    </Filter>
  </ItemGroup>
  <ItemGroup>
    <ClCompile Include="main.cpp">
      <Filter>Source Files</Filter>
    </ClCompile>
  </ItemGroup>
  <ItemGroup>
    <None Include="packages.config" />
  </ItemGroup>
  <ItemGroup>
    <ClInclude Include="Picture.h">
      <Filter>Header Files</Filter>
    </ClInclude>
    <ClInclude Include="Shape.h">
      <Filter>Header Files</Filter>
    </ClInclude>
    <ClInclude Include="ICanvas.h">
      <Filter>Header Files\Canvas</Filter>
    </ClInclude>
    <ClInclude Include="RectangleStrategy.h">
      <Filter>Header Files\Shape Strategy</Filter>
    </ClInclude>
    <ClInclude Include="Point.h">
      <Filter>Header Files</Filter>
    </ClInclude>
    <ClInclude Include="LineStrategy.h">
      <Filter>Header Files\Shape Strategy</Filter>
    </ClInclude>
    <ClInclude Include="IShapeStrategy.h">
      <Filter>Header Files\Shape Strategy\Common</Filter>
    </ClInclude>
    <ClInclude Include="ShapeStrategy.h">
      <Filter>Header Files\Shape Strategy\Common</Filter>
    </ClInclude>
    <ClInclude Include="CircleStrategy.h">
      <Filter>Header Files\Shape Strategy</Filter>
    </ClInclude>
    <ClInclude Include="TriangleStrategy.h">
      <Filter>Header Files\Shape Strategy</Filter>
    </ClInclude>
    <ClInclude Include="TextStrategy.h">
      <Filter>Header Files\Shape Strategy</Filter>
    </ClInclude>
  </ItemGroup>
</Project>