<?xml version="1.0" encoding="utf-8"?>
<Project ToolsVersion="4.0" xmlns="http://schemas.microsoft.com/developer/msbuild/2003">
  <ItemGroup>
    <Filter Include="Source Files">
      <UniqueIdentifier>{4FC737F1-C7A5-4376-A066-2A32D752A2FF}</UniqueIdentifier>
      <Extensions>cpp;c;cc;cxx;c++;cppm;ixx;def;odl;idl;hpj;bat;asm;asmx</Extensions>
    </Filter>
    <Filter Include="Header Files">
      <UniqueIdentifier>{93995380-89BD-4b04-88EB-625FBE52EBFB}</UniqueIdentifier>
      <Extensions>h;hh;hpp;hxx;h++;hm;inl;inc;ipp;xsd</Extensions>
    </Filter>
    <Filter Include="Resource Files">
      <UniqueIdentifier>{67DA6AB6-F800-4c08-8B7A-83BB121AAD01}</UniqueIdentifier>
      <Extensions>rc;ico;cur;bmp;dlg;rc2;rct;bin;rgs;gif;jpg;jpeg;jpe;resx;tiff;tif;png;wav;mfcribbon-ms</Extensions>
    </Filter>
    <Filter Include="Header Files\commands">
      <UniqueIdentifier>{87fc774c-f80d-491f-9842-2c2beb231cda}</UniqueIdentifier>
    </Filter>
    <Filter Include="Header Files\commands\common">
      <UniqueIdentifier>{4fe1518c-c098-45c7-81d6-219fbf9c104b}</UniqueIdentifier>
    </Filter>
    <Filter Include="Header Files\document">
      <UniqueIdentifier>{1e06014b-5bb8-47be-8428-35c0119e9f7e}</UniqueIdentifier>
    </Filter>
    <Filter Include="Header Files\document\history">
      <UniqueIdentifier>{e32ac5e1-bfb6-4c86-8ace-07d60cd118a1}</UniqueIdentifier>
    </Filter>
    <Filter Include="Header Files\document\items">
      <UniqueIdentifier>{60431a53-6dd5-4a75-8912-8ba6af905c7d}</UniqueIdentifier>
    </Filter>
    <Filter Include="Header Files\document\items\common">
      <UniqueIdentifier>{1c72d1b7-0cad-4aae-b7fa-45335e0408da}</UniqueIdentifier>
    </Filter>
    <Filter Include="Header Files\app">
      <UniqueIdentifier>{e7245b3d-2d72-4e71-8abe-e7890082806f}</UniqueIdentifier>
    </Filter>
    <Filter Include="Source Files\commands">
      <UniqueIdentifier>{a5ed6da9-aaa3-428b-9969-57f104ce071b}</UniqueIdentifier>
    </Filter>
    <Filter Include="Source Files\commands\common">
      <UniqueIdentifier>{38236181-0402-4413-b59d-8c50aa0aee8a}</UniqueIdentifier>
    </Filter>
    <Filter Include="Source Files\document">
      <UniqueIdentifier>{f6f79a96-42ac-4ce0-a1c9-f02a459076c6}</UniqueIdentifier>
    </Filter>
    <Filter Include="Source Files\document\items">
      <UniqueIdentifier>{988e1e88-d50e-407c-b6ea-77aae182f63e}</UniqueIdentifier>
    </Filter>
    <Filter Include="Source Files\document\items\common">
      <UniqueIdentifier>{810dffe6-e0f1-43b5-9602-27bde771ec81}</UniqueIdentifier>
    </Filter>
    <Filter Include="Source Files\document\history">
      <UniqueIdentifier>{e2735efa-36d2-4995-9525-6c39f47063e8}</UniqueIdentifier>
    </Filter>
    <Filter Include="Source Files\app">
      <UniqueIdentifier>{13900a19-0531-4b1f-ba9b-84d166173e47}</UniqueIdentifier>
    </Filter>
    <Filter Include="Header Files\core">
      <UniqueIdentifier>{39354e75-b0e2-4f12-9978-0c39780dd7a5}</UniqueIdentifier>
    </Filter>
    <Filter Include="Source Files\core">
      <UniqueIdentifier>{9126fb5c-5af8-4364-8f30-16fa5f4c1d56}</UniqueIdentifier>
    </Filter>
  </ItemGroup>
  <ItemGroup>
    <ClCompile Include="main.cpp">
      <Filter>Source Files</Filter>
    </ClCompile>
    <ClCompile Include="AbstractCommand.cpp">
      <Filter>Source Files\commands\common</Filter>
    </ClCompile>
    <ClCompile Include="ChangeStringCommand.cpp">
      <Filter>Source Files\commands</Filter>
    </ClCompile>
    <ClCompile Include="Document.cpp">
      <Filter>Source Files\document</Filter>
    </ClCompile>
    <ClCompile Include="ConstDocumentItem.cpp">
      <Filter>Source Files\document\items\common</Filter>
    </ClCompile>
    <ClCompile Include="DocumentItem.cpp">
      <Filter>Source Files\document\items\common</Filter>
    </ClCompile>
    <ClCompile Include="Image.cpp">
      <Filter>Source Files\document\items</Filter>
    </ClCompile>
    <ClCompile Include="Paragraph.cpp">
      <Filter>Source Files\document\items</Filter>
    </ClCompile>
    <ClCompile Include="History.cpp">
      <Filter>Source Files\document\history</Filter>
    </ClCompile>
    <ClCompile Include="Menu.cpp">
      <Filter>Source Files\app</Filter>
    </ClCompile>
    <ClCompile Include="Editor.cpp">
      <Filter>Source Files\app</Filter>
    </ClCompile>
    <ClCompile Include="InsertItemCommand.cpp">
      <Filter>Source Files\commands</Filter>
    </ClCompile>
    <ClCompile Include="DeleteItemCommand.cpp">
      <Filter>Source Files\commands</Filter>
    </ClCompile>
    <ClCompile Include="TrivialCommand.cpp">
      <Filter>Source Files\commands\common</Filter>
    </ClCompile>
    <ClCompile Include="Core.cpp">
      <Filter>Source Files\core</Filter>
    </ClCompile>
  </ItemGroup>
  <ItemGroup>
    <ClInclude Include="AbstractCommand.h">
      <Filter>Header Files\commands\common</Filter>
    </ClInclude>
    <ClInclude Include="ChangeStringCommand.h">
      <Filter>Header Files\commands</Filter>
    </ClInclude>
    <ClInclude Include="ICommand.h">
      <Filter>Header Files\commands\common</Filter>
    </ClInclude>
    <ClInclude Include="ICommand_fwd.h">
      <Filter>Header Files\commands\common</Filter>
    </ClInclude>
    <ClInclude Include="Document.h">
      <Filter>Header Files\document</Filter>
    </ClInclude>
    <ClInclude Include="History.h">
      <Filter>Header Files\document\history</Filter>
    </ClInclude>
    <ClInclude Include="ConstDocumentItem.h">
      <Filter>Header Files\document\items\common</Filter>
    </ClInclude>
    <ClInclude Include="DocumentItem.h">
      <Filter>Header Files\document\items\common</Filter>
    </ClInclude>
    <ClInclude Include="IImage.h">
      <Filter>Header Files\document\items</Filter>
    </ClInclude>
    <ClInclude Include="Image.h">
      <Filter>Header Files\document\items</Filter>
    </ClInclude>
    <ClInclude Include="Paragraph.h">
      <Filter>Header Files\document\items</Filter>
    </ClInclude>
    <ClInclude Include="IParagraph.h">
      <Filter>Header Files\document\items</Filter>
    </ClInclude>
    <ClInclude Include="IDocument.h">
      <Filter>Header Files\document</Filter>
    </ClInclude>
    <ClInclude Include="Menu.h">
      <Filter>Header Files\app</Filter>
    </ClInclude>
    <ClInclude Include="Editor.h">
      <Filter>Header Files\app</Filter>
    </ClInclude>
    <ClInclude Include="InsertItemCommand.h">
      <Filter>Header Files\commands</Filter>
    </ClInclude>
    <ClInclude Include="DeleteItemCommand.h">
      <Filter>Header Files\commands</Filter>
    </ClInclude>
    <ClInclude Include="TrivialCommand.h">
      <Filter>Header Files\commands\common</Filter>
    </ClInclude>
    <ClInclude Include="IHistoryController.h">
      <Filter>Header Files\document\history</Filter>
    </ClInclude>
    <ClInclude Include="Core.h">
      <Filter>Header Files\core</Filter>
    </ClInclude>
  </ItemGroup>
  <ItemGroup>
    <None Include="packages.config" />
  </ItemGroup>
</Project>