<?xml version="1.0" encoding="utf-8"?>
<Project ToolsVersion="4.0" xmlns="http://schemas.microsoft.com/developer/msbuild/2003">
  <ItemGroup>
    <Filter Include="Source Files">
      <UniqueIdentifier>{4FC737F1-C7A5-4376-A066-2A32D752A2FF}</UniqueIdentifier>
      <Extensions>cpp;c;cc;cxx;c++;cppm;ixx;def;odl;idl;hpj;bat;asm;asmx</Extensions>
    </Filter>
    <Filter Include="Header Files">
      <UniqueIdentifier>{93995380-89BD-4b04-88EB-625FBE52EBFB}</UniqueIdentifier>
      <Extensions>h;hh;hpp;hxx;h++;hm;inl;inc;ipp;xsd</Extensions>
    </Filter>
    <Filter Include="Resource Files">
      <UniqueIdentifier>{67DA6AB6-F800-4c08-8B7A-83BB121AAD01}</UniqueIdentifier>
      <Extensions>rc;ico;cur;bmp;dlg;rc2;rct;bin;rgs;gif;jpg;jpeg;jpe;resx;tiff;tif;png;wav;mfcribbon-ms</Extensions>
    </Filter>
    <Filter Include="tests">
      <UniqueIdentifier>{b6310191-0ff0-48fa-a797-2e70c59c6737}</UniqueIdentifier>
    </Filter>
  </ItemGroup>
  <ItemGroup>
    <ClCompile Include="main.cpp">
      <Filter>Source Files</Filter>
    </ClCompile>
    <ClCompile Include="..\Editor\AbstractCommand.cpp">
      <Filter>Source Files</Filter>
    </ClCompile>
    <ClCompile Include="..\Editor\Document.cpp">
      <Filter>Source Files</Filter>
    </ClCompile>
    <ClCompile Include="..\Editor\DocumentItem.cpp">
      <Filter>Source Files</Filter>
    </ClCompile>
    <ClCompile Include="..\Editor\InsertItemCommand.cpp">
      <Filter>Source Files</Filter>
    </ClCompile>
    <ClCompile Include="..\Editor\Paragraph.cpp">
      <Filter>Source Files</Filter>
    </ClCompile>
    <ClCompile Include="AbstractCommandTests.cpp">
      <Filter>tests</Filter>
    </ClCompile>
    <ClCompile Include="..\Editor\ChangeStringCommand.cpp">
      <Filter>Source Files</Filter>
    </ClCompile>
    <ClCompile Include="..\Editor\ConstDocumentItem.cpp">
      <Filter>Source Files</Filter>
    </ClCompile>
    <ClCompile Include="..\Editor\Core.cpp">
      <Filter>Source Files</Filter>
    </ClCompile>
    <ClCompile Include="..\Editor\DeleteItemCommand.cpp">
      <Filter>Source Files</Filter>
    </ClCompile>
    <ClCompile Include="..\Editor\Editor.cpp">
      <Filter>Source Files</Filter>
    </ClCompile>
    <ClCompile Include="..\Editor\History.cpp">
      <Filter>Source Files</Filter>
    </ClCompile>
    <ClCompile Include="..\Editor\Image.cpp">
      <Filter>Source Files</Filter>
    </ClCompile>
    <ClCompile Include="..\Editor\Menu.cpp">
      <Filter>Source Files</Filter>
    </ClCompile>
    <ClCompile Include="..\Editor\TrivialCommand.cpp">
      <Filter>Source Files</Filter>
    </ClCompile>
    <ClCompile Include="InsertItemCommandTests.cpp">
      <Filter>tests</Filter>
    </ClCompile>
    <ClCompile Include="DocumentItemTests.cpp">
      <Filter>tests</Filter>
    </ClCompile>
    <ClCompile Include="DocumentTests.cpp">
      <Filter>tests</Filter>
    </ClCompile>
    <ClCompile Include="ParagraphText.cpp">
      <Filter>tests</Filter>
    </ClCompile>
    <ClCompile Include="ImageTests.cpp">
      <Filter>tests</Filter>
    </ClCompile>
  </ItemGroup>
  <ItemGroup>
    <ClInclude Include="..\Editor\AbstractCommand.h">
      <Filter>Header Files</Filter>
    </ClInclude>
    <ClInclude Include="..\Editor\Document.h">
      <Filter>Header Files</Filter>
    </ClInclude>
    <ClInclude Include="..\Editor\DocumentItem.h">
      <Filter>Header Files</Filter>
    </ClInclude>
    <ClInclude Include="..\Editor\InsertItemCommand.h">
      <Filter>Header Files</Filter>
    </ClInclude>
    <ClInclude Include="..\Editor\Paragraph.h">
      <Filter>Header Files</Filter>
    </ClInclude>
    <ClInclude Include="..\Editor\ChangeStringCommand.h">
      <Filter>Header Files</Filter>
    </ClInclude>
    <ClInclude Include="..\Editor\ConstDocumentItem.h">
      <Filter>Header Files</Filter>
    </ClInclude>
    <ClInclude Include="..\Editor\Core.h">
      <Filter>Header Files</Filter>
    </ClInclude>
    <ClInclude Include="..\Editor\DeleteItemCommand.h">
      <Filter>Header Files</Filter>
    </ClInclude>
    <ClInclude Include="..\Editor\Editor.h">
      <Filter>Header Files</Filter>
    </ClInclude>
    <ClInclude Include="..\Editor\History.h">
      <Filter>Header Files</Filter>
    </ClInclude>
    <ClInclude Include="..\Editor\ICommand.h">
      <Filter>Header Files</Filter>
    </ClInclude>
    <ClInclude Include="..\Editor\ICommand_fwd.h">
      <Filter>Header Files</Filter>
    </ClInclude>
    <ClInclude Include="..\Editor\IDocument.h">
      <Filter>Header Files</Filter>
    </ClInclude>
    <ClInclude Include="..\Editor\IHistoryController.h">
      <Filter>Header Files</Filter>
    </ClInclude>
    <ClInclude Include="..\Editor\IImage.h">
      <Filter>Header Files</Filter>
    </ClInclude>
    <ClInclude Include="..\Editor\Image.h">
      <Filter>Header Files</Filter>
    </ClInclude>
    <ClInclude Include="..\Editor\IParagraph.h">
      <Filter>Header Files</Filter>
    </ClInclude>
    <ClInclude Include="..\Editor\Menu.h">
      <Filter>Header Files</Filter>
    </ClInclude>
    <ClInclude Include="..\Editor\TrivialCommand.h">
      <Filter>Header Files</Filter>
    </ClInclude>
    <ClInclude Include="MockHistoryController.h">
      <Filter>tests</Filter>
    </ClInclude>
  </ItemGroup>
  <ItemGroup>
    <None Include="packages.config" />
  </ItemGroup>
</Project>